
Microsoft Visual Studio Solution File, Format Version 12.00
# Visual Studio Version 17
VisualStudioVersion = 17.7.34031.279
MinimumVisualStudioVersion = 10.0.40219.1
Project("{FAE04EC0-301F-11D3-BF4B-00C04F79EFBC}") = "fit-and-fuel", "fit-and-fuel\fit-and-fuel.csproj", "{87D43D9B-58E3-4836-B4D0-AFE040E7B2DD}"
EndProject
Global
	GlobalSection(SolutionConfigurationPlatforms) = preSolution
		Debug|Any CPU = Debug|Any CPU
		Release|Any CPU = Release|Any CPU
	EndGlobalSection
	GlobalSection(ProjectConfigurationPlatforms) = postSolution
		{87D43D9B-58E3-4836-B4D0-AFE040E7B2DD}.Debug|Any CPU.ActiveCfg = Debug|Any CPU
		{87D43D9B-58E3-4836-B4D0-AFE040E7B2DD}.Debug|Any CPU.Build.0 = Debug|Any CPU
		{87D43D9B-58E3-4836-B4D0-AFE040E7B2DD}.Release|Any CPU.ActiveCfg = Release|Any CPU
		{87D43D9B-58E3-4836-B4D0-AFE040E7B2DD}.Release|Any CPU.Build.0 = Release|Any CPU
	EndGlobalSection
	GlobalSection(SolutionProperties) = preSolution
		HideSolutionNode = FALSE
	EndGlobalSection
	GlobalSection(ExtensibilityGlobals) = postSolution
		SolutionGuid = {AC661A82-ED43-419B-B3C7-16090D2D8BA8}
	EndGlobalSection
EndGlobal
